
Microsoft Visual Studio Solution File, Format Version 12.00
# Visual Studio Version 17
VisualStudioVersion = 17.4.33213.308
MinimumVisualStudioVersion = 10.0.40219.1
Project("{FAE04EC0-301F-11D3-BF4B-00C04F79EFBC}") = "TrongChinh", "TrongChinh\TrongChinh.csproj", "{6601D827-CC3A-43B2-A8C3-807D30F6DF4B}"
EndProject
Global
	GlobalSection(SolutionConfigurationPlatforms) = preSolution
		Debug|Any CPU = Debug|Any CPU
		Release|Any CPU = Release|Any CPU
	EndGlobalSection
	GlobalSection(ProjectConfigurationPlatforms) = postSolution
		{6601D827-CC3A-43B2-A8C3-807D30F6DF4B}.Debug|Any CPU.ActiveCfg = Debug|Any CPU
		{6601D827-CC3A-43B2-A8C3-807D30F6DF4B}.Debug|Any CPU.Build.0 = Debug|Any CPU
		{6601D827-CC3A-43B2-A8C3-807D30F6DF4B}.Release|Any CPU.ActiveCfg = Release|Any CPU
		{6601D827-CC3A-43B2-A8C3-807D30F6DF4B}.Release|Any CPU.Build.0 = Release|Any CPU
	EndGlobalSection
	GlobalSection(SolutionProperties) = preSolution
		HideSolutionNode = FALSE
	EndGlobalSection
	GlobalSection(ExtensibilityGlobals) = postSolution
		SolutionGuid = {D789ECD1-6E21-4E47-BBDB-BF482949BF93}
	EndGlobalSection
EndGlobal
